
Microsoft Visual Studio Solution File, Format Version 12.00
# Visual Studio 2013
VisualStudioVersion = 12.0.31101.0
MinimumVisualStudioVersion = 10.0.40219.1
Project("{FAE04EC0-301F-11D3-BF4B-00C04F79EFBC}") = "MetadataSample", "MetadataSample\MetadataSample.csproj", "{834EB66B-1B41-40D5-8F34-FDC854A4EB64}"
EndProject
Global
	GlobalSection(SolutionConfigurationPlatforms) = preSolution
		Debug|Any CPU = Debug|Any CPU
		Release|Any CPU = Release|Any CPU
	EndGlobalSection
	GlobalSection(ProjectConfigurationPlatforms) = postSolution
		{834EB66B-1B41-40D5-8F34-FDC854A4EB64}.Debug|Any CPU.ActiveCfg = Debug|Any CPU
		{834EB66B-1B41-40D5-8F34-FDC854A4EB64}.Debug|Any CPU.Build.0 = Debug|Any CPU
		{834EB66B-1B41-40D5-8F34-FDC854A4EB64}.Release|Any CPU.ActiveCfg = Release|Any CPU
		{834EB66B-1B41-40D5-8F34-FDC854A4EB64}.Release|Any CPU.Build.0 = Release|Any CPU
	EndGlobalSection
	GlobalSection(SolutionProperties) = preSolution
		HideSolutionNode = FALSE
	EndGlobalSection
EndGlobal
